
Microsoft Visual Studio Solution File, Format Version 12.00
# Visual Studio Version 16
VisualStudioVersion = 16.0.29409.12
MinimumVisualStudioVersion = 10.0.40219.1
Project("{9A19103F-16F7-4668-BE54-9A1E7A4F7556}") = "QuickPlot.Tests.UnitTests", "QuickPlot.Tests.UnitTests.csproj", "{F2F5890D-4931-4C68-8113-E7426CDD8E4B}"
EndProject
Project("{9A19103F-16F7-4668-BE54-9A1E7A4F7556}") = "QuickPlot", "..\..\src\QuickPlot\QuickPlot.csproj", "{1CBB07DF-A166-4B96-B76B-46C61F859CE8}"
EndProject
Global
	GlobalSection(SolutionConfigurationPlatforms) = preSolution
		Debug|Any CPU = Debug|Any CPU
		Release|Any CPU = Release|Any CPU
	EndGlobalSection
	GlobalSection(ProjectConfigurationPlatforms) = postSolution
		{F2F5890D-4931-4C68-8113-E7426CDD8E4B}.Debug|Any CPU.ActiveCfg = Debug|Any CPU
		{F2F5890D-4931-4C68-8113-E7426CDD8E4B}.Debug|Any CPU.Build.0 = Debug|Any CPU
		{F2F5890D-4931-4C68-8113-E7426CDD8E4B}.Release|Any CPU.ActiveCfg = Release|Any CPU
		{F2F5890D-4931-4C68-8113-E7426CDD8E4B}.Release|Any CPU.Build.0 = Release|Any CPU
		{1CBB07DF-A166-4B96-B76B-46C61F859CE8}.Debug|Any CPU.ActiveCfg = Debug|Any CPU
		{1CBB07DF-A166-4B96-B76B-46C61F859CE8}.Debug|Any CPU.Build.0 = Debug|Any CPU
		{1CBB07DF-A166-4B96-B76B-46C61F859CE8}.Release|Any CPU.ActiveCfg = Release|Any CPU
		{1CBB07DF-A166-4B96-B76B-46C61F859CE8}.Release|Any CPU.Build.0 = Release|Any CPU
	EndGlobalSection
	GlobalSection(SolutionProperties) = preSolution
		HideSolutionNode = FALSE
	EndGlobalSection
	GlobalSection(ExtensibilityGlobals) = postSolution
		SolutionGuid = {C8CE8D6C-8E43-46CA-9344-D5FE89A86FB1}
	EndGlobalSection
EndGlobal
