
Microsoft Visual Studio Solution File, Format Version 12.00
# Visual Studio Version 16
VisualStudioVersion = 16.0.29215.179
MinimumVisualStudioVersion = 10.0.40219.1
Project("{FAE04EC0-301F-11D3-BF4B-00C04F79EFBC}") = "QuickPlot", "QuickPlot\QuickPlot.csproj", "{B0A0ADE3-9E9C-42C0-91DF-02BE950625D5}"
EndProject
Project("{FAE04EC0-301F-11D3-BF4B-00C04F79EFBC}") = "FormsTest", "FormsTest\FormsTest.csproj", "{661A6BD5-7133-41DE-BC61-47132CEE459E}"
EndProject
Global
	GlobalSection(SolutionConfigurationPlatforms) = preSolution
		Debug|Any CPU = Debug|Any CPU
		Release|Any CPU = Release|Any CPU
	EndGlobalSection
	GlobalSection(ProjectConfigurationPlatforms) = postSolution
		{B0A0ADE3-9E9C-42C0-91DF-02BE950625D5}.Debug|Any CPU.ActiveCfg = Debug|Any CPU
		{B0A0ADE3-9E9C-42C0-91DF-02BE950625D5}.Debug|Any CPU.Build.0 = Debug|Any CPU
		{B0A0ADE3-9E9C-42C0-91DF-02BE950625D5}.Release|Any CPU.ActiveCfg = Release|Any CPU
		{B0A0ADE3-9E9C-42C0-91DF-02BE950625D5}.Release|Any CPU.Build.0 = Release|Any CPU
		{661A6BD5-7133-41DE-BC61-47132CEE459E}.Debug|Any CPU.ActiveCfg = Debug|Any CPU
		{661A6BD5-7133-41DE-BC61-47132CEE459E}.Debug|Any CPU.Build.0 = Debug|Any CPU
		{661A6BD5-7133-41DE-BC61-47132CEE459E}.Release|Any CPU.ActiveCfg = Release|Any CPU
		{661A6BD5-7133-41DE-BC61-47132CEE459E}.Release|Any CPU.Build.0 = Release|Any CPU
	EndGlobalSection
	GlobalSection(SolutionProperties) = preSolution
		HideSolutionNode = FALSE
	EndGlobalSection
	GlobalSection(ExtensibilityGlobals) = postSolution
		SolutionGuid = {15AA7F29-02E3-4AB5-91EC-A4E8092A848B}
	EndGlobalSection
EndGlobal
