
Microsoft Visual Studio Solution File, Format Version 12.00
# Visual Studio Version 16
VisualStudioVersion = 16.0.29215.179
MinimumVisualStudioVersion = 10.0.40219.1
Project("{FAE04EC0-301F-11D3-BF4B-00C04F79EFBC}") = "QuickPlot", "QuickPlot\QuickPlot.csproj", "{B9EC4E17-F50D-4928-9FFA-8ECD48A3253B}"
EndProject
Project("{FAE04EC0-301F-11D3-BF4B-00C04F79EFBC}") = "Console", "QuickPlotDemos\QuickstartConsole\Console.csproj", "{2A94F944-518A-4652-928D-369040D78DA0}"
EndProject
Project("{2150E333-8FDC-42A3-9474-1A3956D46DE8}") = "Quickstarts", "Quickstarts", "{F08C3ED2-74E2-45B1-96ED-303EB94ECDC4}"
EndProject
Project("{2150E333-8FDC-42A3-9474-1A3956D46DE8}") = "Notes", "Notes", "{2A12F0E0-4881-4D85-A7D9-0F8A4EC43754}"
	ProjectSection(SolutionItems) = preProject
		readme.md = readme.md
	EndProjectSection
EndProject
Project("{FAE04EC0-301F-11D3-BF4B-00C04F79EFBC}") = "QuickstartWinForms", "QuickPlotDemos\QuickstartWinForms\QuickstartWinForms.csproj", "{02E119D3-F277-44C9-A1A0-0C45C65666B3}"
EndProject
Global
	GlobalSection(SolutionConfigurationPlatforms) = preSolution
		Debug|Any CPU = Debug|Any CPU
		Release|Any CPU = Release|Any CPU
	EndGlobalSection
	GlobalSection(ProjectConfigurationPlatforms) = postSolution
		{B9EC4E17-F50D-4928-9FFA-8ECD48A3253B}.Debug|Any CPU.ActiveCfg = Debug|Any CPU
		{B9EC4E17-F50D-4928-9FFA-8ECD48A3253B}.Debug|Any CPU.Build.0 = Debug|Any CPU
		{B9EC4E17-F50D-4928-9FFA-8ECD48A3253B}.Release|Any CPU.ActiveCfg = Release|Any CPU
		{B9EC4E17-F50D-4928-9FFA-8ECD48A3253B}.Release|Any CPU.Build.0 = Release|Any CPU
		{2A94F944-518A-4652-928D-369040D78DA0}.Debug|Any CPU.ActiveCfg = Debug|Any CPU
		{2A94F944-518A-4652-928D-369040D78DA0}.Debug|Any CPU.Build.0 = Debug|Any CPU
		{2A94F944-518A-4652-928D-369040D78DA0}.Release|Any CPU.ActiveCfg = Release|Any CPU
		{2A94F944-518A-4652-928D-369040D78DA0}.Release|Any CPU.Build.0 = Release|Any CPU
		{02E119D3-F277-44C9-A1A0-0C45C65666B3}.Debug|Any CPU.ActiveCfg = Debug|Any CPU
		{02E119D3-F277-44C9-A1A0-0C45C65666B3}.Debug|Any CPU.Build.0 = Debug|Any CPU
		{02E119D3-F277-44C9-A1A0-0C45C65666B3}.Release|Any CPU.ActiveCfg = Release|Any CPU
		{02E119D3-F277-44C9-A1A0-0C45C65666B3}.Release|Any CPU.Build.0 = Release|Any CPU
	EndGlobalSection
	GlobalSection(SolutionProperties) = preSolution
		HideSolutionNode = FALSE
	EndGlobalSection
	GlobalSection(NestedProjects) = preSolution
		{2A94F944-518A-4652-928D-369040D78DA0} = {F08C3ED2-74E2-45B1-96ED-303EB94ECDC4}
		{02E119D3-F277-44C9-A1A0-0C45C65666B3} = {F08C3ED2-74E2-45B1-96ED-303EB94ECDC4}
	EndGlobalSection
	GlobalSection(ExtensibilityGlobals) = postSolution
		SolutionGuid = {EE55F911-92FD-4BB9-B804-9D9904CD9C99}
	EndGlobalSection
EndGlobal
