
Microsoft Visual Studio Solution File, Format Version 12.00
# Visual Studio Version 16
VisualStudioVersion = 16.0.29409.12
MinimumVisualStudioVersion = 10.0.40219.1
Project("{FAE04EC0-301F-11D3-BF4B-00C04F79EFBC}") = "QuickPlotDemos", "QuickPlotDemos\QuickPlotDemos.csproj", "{8023CCF9-8465-44A8-B4F8-9A1919C90812}"
EndProject
Project("{FAE04EC0-301F-11D3-BF4B-00C04F79EFBC}") = "QuickPlot.WinForms", "QuickPlot.WinForms\QuickPlot.WinForms.csproj", "{F83DD036-EEA2-4F82-834E-09B6A6FDC33E}"
EndProject
Project("{FAE04EC0-301F-11D3-BF4B-00C04F79EFBC}") = "QuickPlot", "QuickPlot\QuickPlot.csproj", "{5B9E6988-0564-48B9-A3E7-608E89232310}"
EndProject
Global
	GlobalSection(SolutionConfigurationPlatforms) = preSolution
		Debug|Any CPU = Debug|Any CPU
		Release|Any CPU = Release|Any CPU
	EndGlobalSection
	GlobalSection(ProjectConfigurationPlatforms) = postSolution
		{8023CCF9-8465-44A8-B4F8-9A1919C90812}.Debug|Any CPU.ActiveCfg = Debug|Any CPU
		{8023CCF9-8465-44A8-B4F8-9A1919C90812}.Debug|Any CPU.Build.0 = Debug|Any CPU
		{8023CCF9-8465-44A8-B4F8-9A1919C90812}.Release|Any CPU.ActiveCfg = Release|Any CPU
		{8023CCF9-8465-44A8-B4F8-9A1919C90812}.Release|Any CPU.Build.0 = Release|Any CPU
		{F83DD036-EEA2-4F82-834E-09B6A6FDC33E}.Debug|Any CPU.ActiveCfg = Debug|Any CPU
		{F83DD036-EEA2-4F82-834E-09B6A6FDC33E}.Debug|Any CPU.Build.0 = Debug|Any CPU
		{F83DD036-EEA2-4F82-834E-09B6A6FDC33E}.Release|Any CPU.ActiveCfg = Release|Any CPU
		{F83DD036-EEA2-4F82-834E-09B6A6FDC33E}.Release|Any CPU.Build.0 = Release|Any CPU
		{5B9E6988-0564-48B9-A3E7-608E89232310}.Debug|Any CPU.ActiveCfg = Debug|Any CPU
		{5B9E6988-0564-48B9-A3E7-608E89232310}.Debug|Any CPU.Build.0 = Debug|Any CPU
		{5B9E6988-0564-48B9-A3E7-608E89232310}.Release|Any CPU.ActiveCfg = Release|Any CPU
		{5B9E6988-0564-48B9-A3E7-608E89232310}.Release|Any CPU.Build.0 = Release|Any CPU
	EndGlobalSection
	GlobalSection(SolutionProperties) = preSolution
		HideSolutionNode = FALSE
	EndGlobalSection
	GlobalSection(ExtensibilityGlobals) = postSolution
		SolutionGuid = {0C4DE1C8-32E3-4CE8-9697-D97F9148664D}
	EndGlobalSection
EndGlobal
